
Microsoft Visual Studio Solution File, Format Version 12.00
# Visual Studio Version 17
VisualStudioVersion = 17.5.33530.505
MinimumVisualStudioVersion = 10.0.40219.1
Project("{9A19103F-16F7-4668-BE54-9A1E7A4F7556}") = "lab", "lab\lab.csproj", "{9A6B98B8-AF45-4ACD-8587-C55D21CE3285}"
EndProject
Project("{9A19103F-16F7-4668-BE54-9A1E7A4F7556}") = "lab3", "lab2\lab3.csproj", "{3A3FB4A6-1949-45FB-B100-E8CF2EB1055A}"
EndProject
Project("{9A19103F-16F7-4668-BE54-9A1E7A4F7556}") = "lab4", "lab4\lab4.csproj", "{76232E94-F24B-44BB-9F02-DD2B93E2DB4B}"
EndProject
Project("{9A19103F-16F7-4668-BE54-9A1E7A4F7556}") = "lab5", "lab5\lab5.csproj", "{DA4CE485-6E9A-4B79-9A1B-07D0BC64910A}"
EndProject
Project("{9A19103F-16F7-4668-BE54-9A1E7A4F7556}") = "lab6", "lab6\lab6.csproj", "{CBA10F96-2611-45EF-8116-B9E0A9607407}"
EndProject
Project("{9A19103F-16F7-4668-BE54-9A1E7A4F7556}") = "lab7", "lab7\lab7.csproj", "{1494DBC5-3CC5-4916-B7A3-5D69660088F4}"
EndProject
Project("{9A19103F-16F7-4668-BE54-9A1E7A4F7556}") = "lab8", "lab8\lab8.csproj", "{289A12AE-C355-4408-B2E3-FD41321D476F}"
EndProject
Project("{9A19103F-16F7-4668-BE54-9A1E7A4F7556}") = "lab9", "lab9\lab9.csproj", "{0B63A313-E2C5-4FC6-B46E-08B8103AF917}"
EndProject
Project("{9A19103F-16F7-4668-BE54-9A1E7A4F7556}") = "lab10", "lab10\lab10.csproj", "{7335D9FD-9339-43E0-8AD5-D9FDFD4D274A}"
EndProject
Project("{9A19103F-16F7-4668-BE54-9A1E7A4F7556}") = "lab11", "lab11\lab11.csproj", "{9AC42156-E9FE-40CE-8B67-3D2D163C9C94}"
EndProject
Project("{9A19103F-16F7-4668-BE54-9A1E7A4F7556}") = "lab12", "lab12\lab12.csproj", "{D607A5A7-6F66-4ABE-90A8-E3EEFD6605F4}"
EndProject
Project("{9A19103F-16F7-4668-BE54-9A1E7A4F7556}") = "lab13", "lab13\lab13.csproj", "{09079A6C-5CF1-437E-8D04-6B92EB002B10}"
EndProject
Project("{FAE04EC0-301F-11D3-BF4B-00C04F79EFBC}") = "lab15", "lab15\lab15.csproj", "{E97C5639-E647-469A-842A-8DC1F14DE99D}"
EndProject
Project("{FAE04EC0-301F-11D3-BF4B-00C04F79EFBC}") = "lab16", "lab16\lab16.csproj", "{89F38579-4AA0-473E-A09E-DA8BFC46727B}"
EndProject
Project("{FAE04EC0-301F-11D3-BF4B-00C04F79EFBC}") = "lab17", "lab17\lab17.csproj", "{1BE372E5-6EB6-4D0B-9A25-90CA01B10A10}"
EndProject
Project("{FAE04EC0-301F-11D3-BF4B-00C04F79EFBC}") = "lab18", "lab18\lab18.csproj", "{78524FA4-F3F1-468A-BE64-3148B9075474}"
EndProject
Global
	GlobalSection(SolutionConfigurationPlatforms) = preSolution
		Debug|Any CPU = Debug|Any CPU
		Release|Any CPU = Release|Any CPU
	EndGlobalSection
	GlobalSection(ProjectConfigurationPlatforms) = postSolution
		{9A6B98B8-AF45-4ACD-8587-C55D21CE3285}.Debug|Any CPU.ActiveCfg = Debug|Any CPU
		{9A6B98B8-AF45-4ACD-8587-C55D21CE3285}.Debug|Any CPU.Build.0 = Debug|Any CPU
		{9A6B98B8-AF45-4ACD-8587-C55D21CE3285}.Release|Any CPU.ActiveCfg = Release|Any CPU
		{9A6B98B8-AF45-4ACD-8587-C55D21CE3285}.Release|Any CPU.Build.0 = Release|Any CPU
		{3A3FB4A6-1949-45FB-B100-E8CF2EB1055A}.Debug|Any CPU.ActiveCfg = Debug|Any CPU
		{3A3FB4A6-1949-45FB-B100-E8CF2EB1055A}.Debug|Any CPU.Build.0 = Debug|Any CPU
		{3A3FB4A6-1949-45FB-B100-E8CF2EB1055A}.Release|Any CPU.ActiveCfg = Release|Any CPU
		{3A3FB4A6-1949-45FB-B100-E8CF2EB1055A}.Release|Any CPU.Build.0 = Release|Any CPU
		{76232E94-F24B-44BB-9F02-DD2B93E2DB4B}.Debug|Any CPU.ActiveCfg = Debug|Any CPU
		{76232E94-F24B-44BB-9F02-DD2B93E2DB4B}.Debug|Any CPU.Build.0 = Debug|Any CPU
		{76232E94-F24B-44BB-9F02-DD2B93E2DB4B}.Release|Any CPU.ActiveCfg = Release|Any CPU
		{76232E94-F24B-44BB-9F02-DD2B93E2DB4B}.Release|Any CPU.Build.0 = Release|Any CPU
		{DA4CE485-6E9A-4B79-9A1B-07D0BC64910A}.Debug|Any CPU.ActiveCfg = Debug|Any CPU
		{DA4CE485-6E9A-4B79-9A1B-07D0BC64910A}.Debug|Any CPU.Build.0 = Debug|Any CPU
		{DA4CE485-6E9A-4B79-9A1B-07D0BC64910A}.Release|Any CPU.ActiveCfg = Release|Any CPU
		{DA4CE485-6E9A-4B79-9A1B-07D0BC64910A}.Release|Any CPU.Build.0 = Release|Any CPU
		{CBA10F96-2611-45EF-8116-B9E0A9607407}.Debug|Any CPU.ActiveCfg = Debug|Any CPU
		{CBA10F96-2611-45EF-8116-B9E0A9607407}.Debug|Any CPU.Build.0 = Debug|Any CPU
		{CBA10F96-2611-45EF-8116-B9E0A9607407}.Release|Any CPU.ActiveCfg = Release|Any CPU
		{CBA10F96-2611-45EF-8116-B9E0A9607407}.Release|Any CPU.Build.0 = Release|Any CPU
		{1494DBC5-3CC5-4916-B7A3-5D69660088F4}.Debug|Any CPU.ActiveCfg = Debug|Any CPU
		{1494DBC5-3CC5-4916-B7A3-5D69660088F4}.Debug|Any CPU.Build.0 = Debug|Any CPU
		{1494DBC5-3CC5-4916-B7A3-5D69660088F4}.Release|Any CPU.ActiveCfg = Release|Any CPU
		{1494DBC5-3CC5-4916-B7A3-5D69660088F4}.Release|Any CPU.Build.0 = Release|Any CPU
		{289A12AE-C355-4408-B2E3-FD41321D476F}.Debug|Any CPU.ActiveCfg = Debug|Any CPU
		{289A12AE-C355-4408-B2E3-FD41321D476F}.Debug|Any CPU.Build.0 = Debug|Any CPU
		{289A12AE-C355-4408-B2E3-FD41321D476F}.Release|Any CPU.ActiveCfg = Release|Any CPU
		{289A12AE-C355-4408-B2E3-FD41321D476F}.Release|Any CPU.Build.0 = Release|Any CPU
		{0B63A313-E2C5-4FC6-B46E-08B8103AF917}.Debug|Any CPU.ActiveCfg = Debug|Any CPU
		{0B63A313-E2C5-4FC6-B46E-08B8103AF917}.Debug|Any CPU.Build.0 = Debug|Any CPU
		{0B63A313-E2C5-4FC6-B46E-08B8103AF917}.Release|Any CPU.ActiveCfg = Release|Any CPU
		{0B63A313-E2C5-4FC6-B46E-08B8103AF917}.Release|Any CPU.Build.0 = Release|Any CPU
		{7335D9FD-9339-43E0-8AD5-D9FDFD4D274A}.Debug|Any CPU.ActiveCfg = Debug|Any CPU
		{7335D9FD-9339-43E0-8AD5-D9FDFD4D274A}.Debug|Any CPU.Build.0 = Debug|Any CPU
		{7335D9FD-9339-43E0-8AD5-D9FDFD4D274A}.Release|Any CPU.ActiveCfg = Release|Any CPU
		{7335D9FD-9339-43E0-8AD5-D9FDFD4D274A}.Release|Any CPU.Build.0 = Release|Any CPU
		{9AC42156-E9FE-40CE-8B67-3D2D163C9C94}.Debug|Any CPU.ActiveCfg = Debug|Any CPU
		{9AC42156-E9FE-40CE-8B67-3D2D163C9C94}.Debug|Any CPU.Build.0 = Debug|Any CPU
		{9AC42156-E9FE-40CE-8B67-3D2D163C9C94}.Release|Any CPU.ActiveCfg = Release|Any CPU
		{9AC42156-E9FE-40CE-8B67-3D2D163C9C94}.Release|Any CPU.Build.0 = Release|Any CPU
		{D607A5A7-6F66-4ABE-90A8-E3EEFD6605F4}.Debug|Any CPU.ActiveCfg = Debug|Any CPU
		{D607A5A7-6F66-4ABE-90A8-E3EEFD6605F4}.Debug|Any CPU.Build.0 = Debug|Any CPU
		{D607A5A7-6F66-4ABE-90A8-E3EEFD6605F4}.Release|Any CPU.ActiveCfg = Release|Any CPU
		{D607A5A7-6F66-4ABE-90A8-E3EEFD6605F4}.Release|Any CPU.Build.0 = Release|Any CPU
		{09079A6C-5CF1-437E-8D04-6B92EB002B10}.Debug|Any CPU.ActiveCfg = Debug|Any CPU
		{09079A6C-5CF1-437E-8D04-6B92EB002B10}.Debug|Any CPU.Build.0 = Debug|Any CPU
		{09079A6C-5CF1-437E-8D04-6B92EB002B10}.Release|Any CPU.ActiveCfg = Release|Any CPU
		{09079A6C-5CF1-437E-8D04-6B92EB002B10}.Release|Any CPU.Build.0 = Release|Any CPU
		{E97C5639-E647-469A-842A-8DC1F14DE99D}.Debug|Any CPU.ActiveCfg = Debug|Any CPU
		{E97C5639-E647-469A-842A-8DC1F14DE99D}.Debug|Any CPU.Build.0 = Debug|Any CPU
		{E97C5639-E647-469A-842A-8DC1F14DE99D}.Release|Any CPU.ActiveCfg = Release|Any CPU
		{E97C5639-E647-469A-842A-8DC1F14DE99D}.Release|Any CPU.Build.0 = Release|Any CPU
		{89F38579-4AA0-473E-A09E-DA8BFC46727B}.Debug|Any CPU.ActiveCfg = Debug|Any CPU
		{89F38579-4AA0-473E-A09E-DA8BFC46727B}.Debug|Any CPU.Build.0 = Debug|Any CPU
		{89F38579-4AA0-473E-A09E-DA8BFC46727B}.Release|Any CPU.ActiveCfg = Release|Any CPU
		{89F38579-4AA0-473E-A09E-DA8BFC46727B}.Release|Any CPU.Build.0 = Release|Any CPU
		{1BE372E5-6EB6-4D0B-9A25-90CA01B10A10}.Debug|Any CPU.ActiveCfg = Debug|Any CPU
		{1BE372E5-6EB6-4D0B-9A25-90CA01B10A10}.Debug|Any CPU.Build.0 = Debug|Any CPU
		{1BE372E5-6EB6-4D0B-9A25-90CA01B10A10}.Release|Any CPU.ActiveCfg = Release|Any CPU
		{1BE372E5-6EB6-4D0B-9A25-90CA01B10A10}.Release|Any CPU.Build.0 = Release|Any CPU
		{78524FA4-F3F1-468A-BE64-3148B9075474}.Debug|Any CPU.ActiveCfg = Debug|Any CPU
		{78524FA4-F3F1-468A-BE64-3148B9075474}.Debug|Any CPU.Build.0 = Debug|Any CPU
		{78524FA4-F3F1-468A-BE64-3148B9075474}.Release|Any CPU.ActiveCfg = Release|Any CPU
		{78524FA4-F3F1-468A-BE64-3148B9075474}.Release|Any CPU.Build.0 = Release|Any CPU
	EndGlobalSection
	GlobalSection(SolutionProperties) = preSolution
		HideSolutionNode = FALSE
	EndGlobalSection
	GlobalSection(ExtensibilityGlobals) = postSolution
		SolutionGuid = {B12ABA1E-793F-4D88-8EDC-962654031268}
	EndGlobalSection
EndGlobal
